{
  "requires": true,
  "lockfileVersion": 1,
  "dependencies": {
    "@babel/helper-string-parser": {
      "version": "7.22.5",
      "resolved": "https://registry.npmjs.org/@babel/helper-string-parser/-/helper-string-parser-7.22.5.tgz",
      "integrity": "sha512-mM4COjgZox8U+JcXQwPijIZLElkgEpO5rsERVDJTc2qfCDfERyob6k5WegS14SX18IIjv+XD+GrqNumY5JRCDw==",
      "dev": true
    },
    "@babel/helper-validator-identifier": {
      "version": "7.22.20",
      "resolved": "https://registry.npmjs.org/@babel/helper-validator-identifier/-/helper-validator-identifier-7.22.20.tgz",
      "integrity": "sha512-Y4OZ+ytlatR8AI+8KZfKuL5urKp7qey08ha31L8b3BwewJAoJamTzyvxPR/5D+KkdJCGPq/+8TukHBlY10FX9A==",
      "dev": true
    },
    "@babel/parser": {
      "version": "7.23.3",
      "resolved": "https://registry.npmjs.org/@babel/parser/-/parser-7.23.3.tgz",
      "integrity": "sha512-uVsWNvlVsIninV2prNz/3lHCb+5CJ+e+IUBfbjToAHODtfGYLfCFuY4AU7TskI+dAKk+njsPiBjq1gKTvZOBaw==",
      "dev": true
    },
    "@babel/types": {
      "version": "7.23.3",
      "resolved": "https://registry.npmjs.org/@babel/types/-/types-7.23.3.tgz",
      "integrity": "sha512-OZnvoH2l8PK5eUvEcUyCt/sXgr/h+UWpVuBbOljwcrAgUl6lpchoQ++PHGyQy1AtYnVA6CEq3y5xeEI10brpXw==",
      "dev": true,
      "requires": {
        "@babel/helper-string-parser": "^7.22.5",
        "@babel/helper-validator-identifier": "^7.22.20",
        "to-fast-properties": "^2.0.0"
      }
    },
    "@types/babel__code-frame": {
      "version": "7.0.6",
      "resolved": "https://registry.npmjs.org/@types/babel__code-frame/-/babel__code-frame-7.0.6.tgz",
      "integrity": "sha512-Anitqkl3+KrzcW2k77lRlg/GfLZLWXBuNgbEcIOU6M92yw42vsd3xV/Z/yAHEj8m+KUjL6bWOVOFqX8PFPJ4LA==",
      "dev": true
    },
    "@types/babel__core": {
      "version": "7.20.4",
      "resolved": "https://registry.npmjs.org/@types/babel__core/-/babel__core-7.20.4.tgz",
      "integrity": "sha512-mLnSC22IC4vcWiuObSRjrLd9XcBTGf59vUSoq2jkQDJ/QQ8PMI9rSuzE+aEV8karUMbskw07bKYoUJCKTUaygg==",
      "dev": true,
      "requires": {
        "@babel/parser": "^7.20.7",
        "@babel/types": "^7.20.7",
        "@types/babel__generator": "*",
        "@types/babel__template": "*",
        "@types/babel__traverse": "*"
      }
    },
    "@types/babel__generator": {
      "version": "7.6.7",
      "resolved": "https://registry.npmjs.org/@types/babel__generator/-/babel__generator-7.6.7.tgz",
      "integrity": "sha512-6Sfsq+EaaLrw4RmdFWE9Onp63TOUue71AWb4Gpa6JxzgTYtimbM086WnYTy2U67AofR++QKCo08ZP6pwx8YFHQ==",
      "dev": true,
      "requires": {
        "@babel/types": "^7.0.0"
      }
    },
    "@types/babel__template": {
      "version": "7.4.4",
      "resolved": "https://registry.npmjs.org/@types/babel__template/-/babel__template-7.4.4.tgz",
      "integrity": "sha512-h/NUaSyG5EyxBIp8YRxo4RMe2/qQgvyowRwVMzhYhBCONbW8PUsg4lkFMrhgZhUe5z3L3MiLDuvyJ/CaPa2A8A==",
      "dev": true,
      "requires": {
        "@babel/parser": "^7.1.0",
        "@babel/types": "^7.0.0"
      }
    },
    "@types/babel__traverse": {
      "version": "7.20.4",
      "resolved": "https://registry.npmjs.org/@types/babel__traverse/-/babel__traverse-7.20.4.tgz",
      "integrity": "sha512-mSM/iKUk5fDDrEV/e83qY+Cr3I1+Q3qqTuEn++HAWYjEa1+NxZr6CNrcJGf2ZTnq4HoFGC3zaTPZTobCzCFukA==",
      "dev": true,
      "requires": {
        "@babel/types": "^7.20.7"
      }
    },
    "@types/gensync": {
      "version": "1.0.3",
      "resolved": "https://registry.npmjs.org/@types/gensync/-/gensync-1.0.3.tgz",
      "integrity": "sha512-oDvbXfdZe5UcdOyZViC2FZEINJrro8JJ2PRGdF5WLE3FjKnjDcTl8OaM68eaeDM/R0hjqFlqG01nWaKG5ljOKA==",
      "dev": true
    },
    "@types/geojson": {
      "version": "7946.0.13",
      "resolved": "https://registry.npmjs.org/@types/geojson/-/geojson-7946.0.13.tgz",
      "integrity": "sha512-bmrNrgKMOhM3WsafmbGmC+6dsF2Z308vLFsQ3a/bT8X8Sv5clVYpPars/UPq+sAaJP+5OoLAYgwbkS5QEJdLUQ==",
      "dev": true
    },
    "@types/leaflet": {
      "version": "1.9.8",
      "resolved": "https://registry.npmjs.org/@types/leaflet/-/leaflet-1.9.8.tgz",
      "integrity": "sha512-EXdsL4EhoUtGm2GC2ZYtXn+Fzc6pluVgagvo2VC1RHWToLGlTRwVYoDpqS/7QXa01rmDyBjJk3Catpf60VMkwg==",
      "dev": true,
      "requires": {
        "@types/geojson": "*"
      }
    },
    "@types/prop-types": {
      "version": "15.7.12",
      "resolved": "https://registry.npmjs.org/@types/prop-types/-/prop-types-15.7.12.tgz",
      "integrity": "sha512-5zvhXYtRNRluoE/jAp4GVsSduVUzNWKkOZrCDBWYtE7biZywwdC2AcEzg+cSMLFRfVgeAFqpfNabiPjxFddV1Q==",
      "dev": true
    },
    "@types/react": {
      "version": "18.2.74",
      "resolved": "https://registry.npmjs.org/@types/react/-/react-18.2.74.tgz",
      "integrity": "sha512-9AEqNZZyBx8OdZpxzQlaFEVCSFUM2YXJH46yPOiOpm078k6ZLOCcuAzGum/zK8YBwY+dbahVNbHrbgrAwIRlqw==",
      "dev": true,
      "requires": {
        "@types/prop-types": "*",
        "csstype": "^3.0.2"
      }
    },
    "@types/react-dom": {
      "version": "18.2.24",
      "resolved": "https://registry.npmjs.org/@types/react-dom/-/react-dom-18.2.24.tgz",
      "integrity": "sha512-cN6upcKd8zkGy4HU9F1+/s98Hrp6D4MOcippK4PoE8OZRngohHZpbJn1GsaDLz87MqvHNoT13nHvNqM9ocRHZg==",
      "dev": true,
      "requires": {
        "@types/react": "*"
      }
    },
    "@types/semver": {
      "version": "7.5.5",
      "resolved": "https://registry.npmjs.org/@types/semver/-/semver-7.5.5.tgz",
      "integrity": "sha512-+d+WYC1BxJ6yVOgUgzK8gWvp5qF8ssV5r4nsDcZWKRWcDQLQ619tvWAxJQYGgBrO1MnLJC7a5GtiYsAoQ47dJg==",
      "dev": true
    },
    "csstype": {
      "version": "3.1.3",
      "resolved": "https://registry.npmjs.org/csstype/-/csstype-3.1.3.tgz",
      "integrity": "sha512-M1uQkMl8rQK/szD0LNhtqxIPLpimGm8sOBwU7lLnCpSbTyY3yeU1Vc7l4KT5zT4s/yOxHH5O7tIuuLOCnLADRw==",
      "dev": true
    },
    "to-fast-properties": {
      "version": "2.0.0",
      "resolved": "https://registry.npmjs.org/to-fast-properties/-/to-fast-properties-2.0.0.tgz",
      "integrity": "sha512-/OaKK0xYrs3DmxRYqL/yDc+FxFUVYhDlXMhRmv3z915w2HF1tnN1omB354j8VUGO/hbRzyD6Y3sA7v7GS/ceog==",
      "dev": true
    },
    "types-registry": {
      "version": "0.1.684",
      "resolved": "https://registry.npmjs.org/types-registry/-/types-registry-0.1.684.tgz",
      "integrity": "sha512-B6v+g9M+7IJSc1w2THOmTuRKvd/ACxZTGXM18E8MzpHWx1mGUvGGT+RXsSnxNpyqtbjWLeXj8uyyu/MxVOS3xw=="
    }
  }
}
